github.com/thedevrems/hangman v0.0.0-20241024063712-7114681f514f h1:3S4ruivVxFBkAAbxSkYl2pGxzzKNoxjelcq5L+e1D7A=
github.com/thedevrems/hangman v0.0.0-20241024063712-7114681f514f/go.mod h1:4D2itojPZDKiTrLpxUiMO+hBxkLqFmL/gbKAumbCqe8=
github.com/thedevrems/hangman v0.0.0-20241024070156-5e572bcd3395 h1:CAmhn9ojCsJZlkliwUCoPUZIQyXibBzg90D+AFhz2uI=
github.com/thedevrems/hangman v0.0.0-20241024070156-5e572bcd3395/go.mod h1:4D2itojPZDKiTrLpxUiMO+hBxkLqFmL/gbKAumbCqe8=
github.com/thedevrems/hangman v0.0.0-20241031094957-93abc8778cdc h1:YTdBTOW5zeaFDzXgfot/7KwHORpgr8sKXlRGbIvxao4=
github.com/thedevrems/hangman v0.0.0-20241031094957-93abc8778cdc/go.mod h1:4D2itojPZDKiTrLpxUiMO+hBxkLqFmL/gbKAumbCqe8=
github.com/thedevrems/hangman v0.0.0-20241106225738-97c7d6db655e h1:Vkxpz2HGCku/D4I+06BLl3zsQE67GIPGFsdSP49tKIs=
github.com/thedevrems/hangman v0.0.0-20241106225738-97c7d6db655e/go.mod h1:4D2itojPZDKiTrLpxUiMO+hBxkLqFmL/gbKAumbCqe8=
